
Microsoft Visual Studio Solution File, Format Version 12.00
# Visual Studio Version 17
VisualStudioVersion = 17.14.36811.4 d17.14
MinimumVisualStudioVersion = 10.0.40219.1
Project("{2150E333-8FDC-42A3-9474-1A3956D46DE8}") = "Fsel.Course", "Fsel.Course", "{7FDF6C08-1B24-4D79-BC5D-63213C874C90}"
EndProject
Project("{2150E333-8FDC-42A3-9474-1A3956D46DE8}") = "Shared", "Shared", "{A7851FD8-7E61-4116-BBDB-8224C4A2C463}"
EndProject
Project("{9A19103F-16F7-4668-BE54-9A1E7A4F7556}") = "Fsel.Course.Infrastructure", "Services\Fsel.Course\Fsel.Course.Infrastructure\Fsel.Course.Infrastructure.csproj", "{68E7B620-BCE3-4805-AFE3-96211AF83354}"
EndProject
Project("{9A19103F-16F7-4668-BE54-9A1E7A4F7556}") = "Fsel.Course.Domain", "Services\Fsel.Course\Fsel.Course.Domain\Fsel.Course.Domain.csproj", "{6AA0DB5B-7B7A-4788-94C1-A6B38BB44D9E}"
EndProject
Project("{2150E333-8FDC-42A3-9474-1A3956D46DE8}") = "Fsel.Identity", "Fsel.Identity", "{497F115D-9F73-4C04-8E08-70CAB9D781C7}"
EndProject
Project("{9A19103F-16F7-4668-BE54-9A1E7A4F7556}") = "Fsel.Identity.Api", "Services\Fsel.Identity\Fsel.Identity.Api\Fsel.Identity.Api.csproj", "{F6FBF4D6-5280-43FB-8103-D8BA994B7142}"
EndProject
Project("{9A19103F-16F7-4668-BE54-9A1E7A4F7556}") = "Fsel.Identity.Application", "Services\Fsel.Identity\Fsel.Identity.Application\Fsel.Identity.Application.csproj", "{6B9E7501-C444-4EEE-A280-C89B1F6FCEEE}"
EndProject
Project("{9A19103F-16F7-4668-BE54-9A1E7A4F7556}") = "Fsel.Identity.Domain", "Services\Fsel.Identity\Fsel.Identity.Domain\Fsel.Identity.Domain.csproj", "{A19E3234-3F80-4B2A-A643-4790FB75A643}"
EndProject
Project("{9A19103F-16F7-4668-BE54-9A1E7A4F7556}") = "Fsel.Identity.Infrastructure", "Services\Fsel.Identity\Fsel.Identity.Infrastructure\Fsel.Identity.Infrastructure.csproj", "{661AFC53-F787-4EFA-826D-57F7CC233A5F}"
EndProject
Project("{2150E333-8FDC-42A3-9474-1A3956D46DE8}") = "Fsel.Gateway", "Fsel.Gateway", "{64106026-0913-4AE9-B201-35F7C12C5302}"
EndProject
Project("{9A19103F-16F7-4668-BE54-9A1E7A4F7556}") = "Fsel.Gateway.Api", "Services\Fsel.Gateway\Fsel.Gateway.Api\Fsel.Gateway.Api.csproj", "{57F5C66C-BBAD-466E-8E03-29472AFD371C}"
EndProject
Project("{9A19103F-16F7-4668-BE54-9A1E7A4F7556}") = "Fsel.Identity.Authentication", "Services\Fsel.Identity\Fsel.Identity.Authentication\Fsel.Identity.Authentication.csproj", "{F00661EB-79BF-4DF2-9079-615BC49E00DB}"
EndProject
Project("{2150E333-8FDC-42A3-9474-1A3956D46DE8}") = "Fsel.Sender", "Fsel.Sender", "{C83462DD-D506-47E8-A3AE-FA90D7DE973D}"
EndProject
Project("{9A19103F-16F7-4668-BE54-9A1E7A4F7556}") = "Fsel.Sender.Api", "Services\Fsel.Sender\Fsel.Sender.Api\Fsel.Sender.Api.csproj", "{159613E1-3EF7-497A-BB08-C994D0B937D2}"
EndProject
Project("{9A19103F-16F7-4668-BE54-9A1E7A4F7556}") = "Fsel.Sender.Application", "Services\Fsel.Sender\Fsel.Sender.Application\Fsel.Sender.Application.csproj", "{44A66333-9B8C-4679-BCAA-412683DE1385}"
EndProject
Project("{9A19103F-16F7-4668-BE54-9A1E7A4F7556}") = "Fsel.Sender.Domain", "Services\Fsel.Sender\Fsel.Sender.Domain\Fsel.Sender.Domain.csproj", "{56250C92-1785-4065-9AEB-1F8CA77BCFB5}"
EndProject
Project("{9A19103F-16F7-4668-BE54-9A1E7A4F7556}") = "Fsel.Sender.Infrastructure", "Services\Fsel.Sender\Fsel.Sender.Infrastructure\Fsel.Sender.Infrastructure.csproj", "{6D6DC205-C2B8-4C65-824D-C827B76A11AE}"
EndProject
Project("{2150E333-8FDC-42A3-9474-1A3956D46DE8}") = "Solution Items", "Solution Items", "{30DBED2A-6250-4696-8736-B2AA8B5991ED}"
	ProjectSection(SolutionItems) = preProject
		.editorconfig = .editorconfig
		.gitignore = .gitignore
		Directory.Build.props = Directory.Build.props
		Directory.Packages.props = Directory.Packages.props
		global.json = global.json
		README.md = README.md
		stylecop.json = stylecop.json
	EndProjectSection
EndProject
Project("{2150E333-8FDC-42A3-9474-1A3956D46DE8}") = "src", "src", "{5E7078A9-8DE2-459D-854D-7D8625E92C43}"
EndProject
Project("{2150E333-8FDC-42A3-9474-1A3956D46DE8}") = "tests", "tests", "{59DE02A4-17D3-42F9-A1D8-823589A563D0}"
EndProject
Project("{9A19103F-16F7-4668-BE54-9A1E7A4F7556}") = "Fsel.Course.Lcms.Api", "Services\Fsel.Course\Fsel.Course.Lcms.Api\Fsel.Course.Lcms.Api.csproj", "{06095DB5-3242-48B9-8713-557E2605E16D}"
EndProject
Project("{9A19103F-16F7-4668-BE54-9A1E7A4F7556}") = "Fsel.Course.Lms.Api", "Services\Fsel.Course\Fsel.Course.Lms.Api\Fsel.Course.Lms.Api.csproj", "{197343D9-2502-4775-9988-1249E377A7AF}"
EndProject
Project("{2150E333-8FDC-42A3-9474-1A3956D46DE8}") = "Fsel.Interaction", "Fsel.Interaction", "{C73BC8D0-81BE-4B39-8D9C-2499A3B3905B}"
EndProject
Project("{9A19103F-16F7-4668-BE54-9A1E7A4F7556}") = "Fsel.Interaction.Application", "Services\Fsel.Interaction\Fsel.Interaction.Application\Fsel.Interaction.Application.csproj", "{994987E5-BAC5-4D1B-A169-1E5DB694D77E}"
EndProject
Project("{9A19103F-16F7-4668-BE54-9A1E7A4F7556}") = "Fsel.Interaction.Domain", "Services\Fsel.Interaction\Fsel.Interaction.Domain\Fsel.Interaction.Domain.csproj", "{92EFAC9B-1612-4190-BF2F-56F75259003C}"
EndProject
Project("{9A19103F-16F7-4668-BE54-9A1E7A4F7556}") = "Fsel.Interaction.Infrastructure", "Services\Fsel.Interaction\Fsel.Interaction.Infrastructure\Fsel.Interaction.Infrastructure.csproj", "{255DA686-CCB6-4733-A76E-B5A93D2D7A98}"
EndProject
Project("{9A19103F-16F7-4668-BE54-9A1E7A4F7556}") = "Fsel.Interaction.Api", "Services\Fsel.Interaction\Fsel.Interaction.Api\Fsel.Interaction.Api.csproj", "{9AFCAF07-B2A0-48D6-8D1F-980B0676BB19}"
EndProject
Project("{2150E333-8FDC-42A3-9474-1A3956D46DE8}") = "Fsel.Training", "Fsel.Training", "{104C3440-61F6-4010-86B3-8175815BA92C}"
EndProject
Project("{9A19103F-16F7-4668-BE54-9A1E7A4F7556}") = "Fsel.Training.Api", "Services\Fsel.Training\Fsel.Training.Api\Fsel.Training.Api.csproj", "{94F6CEC8-B209-4939-AFC9-68E58300CC3E}"
EndProject
Project("{9A19103F-16F7-4668-BE54-9A1E7A4F7556}") = "Fsel.Training.Application", "Services\Fsel.Training\Fsel.Training.Application\Fsel.Training.Application.csproj", "{29CB9AFE-D97D-43CD-B5FB-5BBAADAC6257}"
EndProject
Project("{9A19103F-16F7-4668-BE54-9A1E7A4F7556}") = "Fsel.Training.Domain", "Services\Fsel.Training\Fsel.Training.Domain\Fsel.Training.Domain.csproj", "{64BB8E38-DC56-4F80-87B5-1C8F42694627}"
EndProject
Project("{9A19103F-16F7-4668-BE54-9A1E7A4F7556}") = "Fsel.Training.Infrastructure", "Services\Fsel.Training\Fsel.Training.Infrastructure\Fsel.Training.Infrastructure.csproj", "{B95CC77B-F9FC-4087-9C10-24996B56FC0F}"
EndProject
Project("{9A19103F-16F7-4668-BE54-9A1E7A4F7556}") = "Fsel.Course.Application", "Services\Fsel.Course\Fsel.Course.Application\Fsel.Course.Application.csproj", "{DBE9FFC8-79EB-470D-8A8C-3E5F233CE0BE}"
EndProject
Project("{9A19103F-16F7-4668-BE54-9A1E7A4F7556}") = "Fsel.Course.Lms.Application", "Services\Fsel.Course\Fsel.Course.Lms.Application\Fsel.Course.Lms.Application.csproj", "{BD89DDE2-0EBA-4482-AD96-66F1E379B67F}"
EndProject
Project("{9A19103F-16F7-4668-BE54-9A1E7A4F7556}") = "Fsel.Shared", "Services\Shared\Fsel.Shared\Fsel.Shared.csproj", "{9BF4073C-F46A-407B-B809-27250E4CDA2C}"
EndProject
Project("{2150E333-8FDC-42A3-9474-1A3956D46DE8}") = "Fsel.Storage", "Fsel.Storage", "{2BC472B4-092A-4FD7-AA28-47596065C9B4}"
EndProject
Project("{9A19103F-16F7-4668-BE54-9A1E7A4F7556}") = "Fsel.Storage.Api", "Services\Fsel.Storage\Fsel.Storage.Api\Fsel.Storage.Api.csproj", "{16915432-9370-4ABF-ACAE-E427BBA73A16}"
EndProject
Project("{9A19103F-16F7-4668-BE54-9A1E7A4F7556}") = "Fsel.Storage.Application", "Services\Fsel.Storage\Fsel.Storage.Application\Fsel.Storage.Application.csproj", "{75861805-D7F0-4462-A93A-07B200728471}"
EndProject
Project("{9A19103F-16F7-4668-BE54-9A1E7A4F7556}") = "Fsel.Storage.Infrastructure", "Services\Fsel.Storage\Fsel.Storage.Infrastructure\Fsel.Storage.Infrastructure.csproj", "{93189B25-6753-4F1E-B732-687895BA36D1}"
EndProject
Project("{9A19103F-16F7-4668-BE54-9A1E7A4F7556}") = "Fsel.Storage.Domain", "Services\Fsel.Storage\Fsel.Storage.Domain\Fsel.Storage.Domain.csproj", "{AA604BBF-9073-4299-8A3A-A8A929240135}"
EndProject
Project("{2150E333-8FDC-42A3-9474-1A3956D46DE8}") = "Fsel.Ordering", "Fsel.Ordering", "{9F26AA66-B696-41C4-871A-B89E5877D9AE}"
EndProject
Project("{9A19103F-16F7-4668-BE54-9A1E7A4F7556}") = "Fsel.Ordering.Api", "Services\Fsel.Ordering\Fsel.Ordering.Api\Fsel.Ordering.Api.csproj", "{2BED5840-1B6E-4BB2-B145-BD8D366F3AAC}"
EndProject
Project("{9A19103F-16F7-4668-BE54-9A1E7A4F7556}") = "Fsel.Ordering.Application", "Services\Fsel.Ordering\Fsel.Ordering.Application\Fsel.Ordering.Application.csproj", "{53F681CA-3E35-4480-AFFF-45AC36862FA6}"
EndProject
Project("{9A19103F-16F7-4668-BE54-9A1E7A4F7556}") = "Fsel.Ordering.Domain", "Services\Fsel.Ordering\Fsel.Ordering.Domain\Fsel.Ordering.Domain.csproj", "{BC64061C-552C-4F9D-8B39-884DF270FC15}"
EndProject
Project("{9A19103F-16F7-4668-BE54-9A1E7A4F7556}") = "Fsel.Ordering.Infrastructure", "Services\Fsel.Ordering\Fsel.Ordering.Infrastructure\Fsel.Ordering.Infrastructure.csproj", "{6B6BCBBD-CCB8-4C15-A857-29BAF20C3307}"
EndProject
Project("{2150E333-8FDC-42A3-9474-1A3956D46DE8}") = "Fsel.System", "Fsel.System", "{48F314F8-7FFA-4CA6-9DC2-FFA4FB81A1C4}"
EndProject
Project("{9A19103F-16F7-4668-BE54-9A1E7A4F7556}") = "Fsel.System.Api", "Services\Fsel.System\Fsel.System.Api\Fsel.System.Api.csproj", "{CDC10682-95E2-4566-9F82-E8248E5BA185}"
EndProject
Project("{9A19103F-16F7-4668-BE54-9A1E7A4F7556}") = "Fsel.System.Application", "Services\Fsel.System\Fsel.System.Application\Fsel.System.Application.csproj", "{81598BDB-3C97-4DBD-AD42-3BBE510C4C6C}"
EndProject
Project("{9A19103F-16F7-4668-BE54-9A1E7A4F7556}") = "Fsel.System.Infrastructure", "Services\Fsel.System\Fsel.System.Infrastructure\Fsel.System.Infrastructure.csproj", "{9736B34F-EBBD-4F07-9798-2E3A0292EC3E}"
EndProject
Project("{9A19103F-16F7-4668-BE54-9A1E7A4F7556}") = "Fsel.System.Domain", "Services\Fsel.System\Fsel.System.Domain\Fsel.System.Domain.csproj", "{C29D4EBA-6C25-4CE4-930B-CC6E034BB205}"
EndProject
Project("{2150E333-8FDC-42A3-9474-1A3956D46DE8}") = "Fsel.Realtime", "Fsel.Realtime", "{8C1B7E40-82E8-4028-9A7A-254C7BBED5CC}"
EndProject
Project("{9A19103F-16F7-4668-BE54-9A1E7A4F7556}") = "Fsel.Realtime.Hub", "Services\Fsel.Realtime\Fsel.Realtime.Hub\Fsel.Realtime.Hub.csproj", "{EDC864B6-307C-4C3A-B809-CE63813B4334}"
EndProject
Project("{9A19103F-16F7-4668-BE54-9A1E7A4F7556}") = "Fsel.Realtime.Domain", "Services\Fsel.Realtime\Fsel.Realtime.Domain\Fsel.Realtime.Domain.csproj", "{CB921892-7164-4CB3-A989-94650141B739}"
EndProject
Project("{9A19103F-16F7-4668-BE54-9A1E7A4F7556}") = "Fsel.Realtime.Infrastructure", "Services\Fsel.Realtime\Fsel.Realtime.Infrastructure\Fsel.Realtime.Infrastructure.csproj", "{08F5C58C-AFED-4A0E-8515-F896FB4668A0}"
EndProject
Project("{9A19103F-16F7-4668-BE54-9A1E7A4F7556}") = "Fsel.Realtime.Application", "Services\Fsel.Realtime\Fsel.Realtime.Application\Fsel.Realtime.Application.csproj", "{5D2BC015-775A-4A2F-8504-2D9CF57ED0F7}"
EndProject
Project("{2150E333-8FDC-42A3-9474-1A3956D46DE8}") = "Fsel.Hangfire", "Fsel.Hangfire", "{D18BF2FB-C579-4D4C-B1ED-294557E09C78}"
EndProject
Project("{9A19103F-16F7-4668-BE54-9A1E7A4F7556}") = "Fsel.Hangfire.Host", "Services\Fsel.Hangfire\Fsel.Hangfire.Host\Fsel.Hangfire.Host.csproj", "{8DEF55E4-6BF6-4097-B7D4-67335800B5D3}"
EndProject
Project("{9A19103F-16F7-4668-BE54-9A1E7A4F7556}") = "Fsel.Hangfire.Application", "Services\Fsel.Hangfire\Fsel.Hangfire.Application\Fsel.Hangfire.Application.csproj", "{1801A5ED-1E3B-42AD-80B8-09845F072CAD}"
EndProject
Project("{9A19103F-16F7-4668-BE54-9A1E7A4F7556}") = "Fsel.Hangfire.Infrastructure", "Services\Fsel.Hangfire\Fsel.Hangfire.Infrastructure\Fsel.Hangfire.Infrastructure.csproj", "{8725786D-70FB-4624-BFD6-B7A062A3B6FC}"
EndProject
Project("{9A19103F-16F7-4668-BE54-9A1E7A4F7556}") = "Fsel.Hangfire.Domain", "Services\Fsel.Hangfire\Fsel.Hangfire.Domain\Fsel.Hangfire.Domain.csproj", "{9D834B9A-BFE9-495C-A070-0099475CEF20}"
EndProject
Project("{2150E333-8FDC-42A3-9474-1A3956D46DE8}") = "Fsel.Notification", "Fsel.Notification", "{3E7A5683-AFB7-448C-84D2-5504864E51E4}"
EndProject
Project("{9A19103F-16F7-4668-BE54-9A1E7A4F7556}") = "Fsel.Notification.Api", "Services\Fsel.Notification\Fsel.Notification.API\Fsel.Notification.Api.csproj", "{F7216236-DA31-422E-9422-7E27131FBBC8}"
EndProject
Project("{9A19103F-16F7-4668-BE54-9A1E7A4F7556}") = "Fsel.Notification.Application", "Services\Fsel.Notification\Fsel.Notification.Application\Fsel.Notification.Application.csproj", "{BC7DD186-96EE-45BD-A6AD-724998A736FB}"
EndProject
Project("{9A19103F-16F7-4668-BE54-9A1E7A4F7556}") = "Fsel.Notification.Infrastructure", "Services\Fsel.Notification\Fsel.Notification.Infrastructure\Fsel.Notification.Infrastructure.csproj", "{B3AA081A-A3E9-415B-A9DD-81AC03E7DFE0}"
EndProject
Project("{9A19103F-16F7-4668-BE54-9A1E7A4F7556}") = "Fsel.Notification.Domain", "Services\Fsel.Notification\Fsel.Notification.Domain\Fsel.Notification.Domain.csproj", "{8B1C6EF9-3383-4929-AD40-9B4E83AFB45A}"
EndProject
Project("{2150E333-8FDC-42A3-9474-1A3956D46DE8}") = "Fsel.Cms.PlanetDefender", "Fsel.Cms.PlanetDefender", "{21E047BF-9692-4A1C-906B-CB241F09A901}"
EndProject
Project("{9A19103F-16F7-4668-BE54-9A1E7A4F7556}") = "Fsel.Cms.PlanetDefender.Api", "Services\Fsel.Cms.PlanetDefender\Fsel.Cms.PlanetDefender.Api\Fsel.Cms.PlanetDefender.Api.csproj", "{966411B4-A587-4957-B7A3-C50F42F0D184}"
EndProject
Project("{9A19103F-16F7-4668-BE54-9A1E7A4F7556}") = "Fsel.Cms.PlanetDefender.Application", "Services\Fsel.Cms.PlanetDefender\Fsel.Cms.PlanetDefender.Application\Fsel.Cms.PlanetDefender.Application.csproj", "{8A351B9F-8EC0-4C85-B4BF-E005096160AC}"
EndProject
Project("{9A19103F-16F7-4668-BE54-9A1E7A4F7556}") = "Fsel.Cms.PlanetDefender.Domain", "Services\Fsel.Cms.PlanetDefender\Fsel.Cms.PlanetDefender.Domain\Fsel.Cms.PlanetDefender.Domain.csproj", "{CDE081E6-FC4B-4519-8660-E1A70733E093}"
EndProject
Project("{9A19103F-16F7-4668-BE54-9A1E7A4F7556}") = "Fsel.Cms.PlanetDefender.Infrastructure", "Services\Fsel.Cms.PlanetDefender\Fsel.Cms.PlanetDefender.Infrastructure\Fsel.Cms.PlanetDefender.Infrastructure.csproj", "{C62D2068-CB53-4576-AA98-78E5F1F62E74}"
EndProject
Project("{2150E333-8FDC-42A3-9474-1A3956D46DE8}") = "Fsel.ExamPractice", "Fsel.ExamPractice", "{02EA681E-C7D8-13C7-8484-4AC65E1B71E8}"
EndProject
Project("{FAE04EC0-301F-11D3-BF4B-00C04F79EFBC}") = "Fsel.ExamPractice.Application", "Services\Fsel.ExamPractice\Fsel.ExamPractice.Application\Fsel.ExamPractice.Application.csproj", "{C399E474-45DB-45F6-9EDA-AAB54A17C6BE}"
EndProject
Project("{FAE04EC0-301F-11D3-BF4B-00C04F79EFBC}") = "Fsel.ExamPractice.Domain", "Services\Fsel.ExamPractice\Fsel.ExamPractice.Domain\Fsel.ExamPractice.Domain.csproj", "{07FC7CDD-EF0D-454F-B427-522E616C9456}"
EndProject
Project("{FAE04EC0-301F-11D3-BF4B-00C04F79EFBC}") = "Fsel.ExamPractice.Infrastructure", "Services\Fsel.ExamPractice\Fsel.ExamPractice.Infrastructure\Fsel.ExamPractice.Infrastructure.csproj", "{345A2871-9FBB-E8D5-4F3A-5D0A87DBFD81}"
EndProject
Project("{FAE04EC0-301F-11D3-BF4B-00C04F79EFBC}") = "Fsel.ExamPractice.Api", "Services\Fsel.ExamPractice\Fsel.ExamPractice.Api\Fsel.ExamPractice.Api.csproj", "{A8F7ED8A-0070-EABF-9376-996AE611B123}"
EndProject
Project("{FAE04EC0-301F-11D3-BF4B-00C04F79EFBC}") = "Fsel.ExamPractice.Lms.Api", "Services\Fsel.ExamPractice\Fsel.ExamPractice.Lms.Api\Fsel.ExamPractice.Lms.Api.csproj", "{041C5074-3166-49F3-8E15-BAB88912DEE6}"
EndProject
Project("{FAE04EC0-301F-11D3-BF4B-00C04F79EFBC}") = "Fsel.ExamPractice.Lms.Application", "Services\Fsel.ExamPractice\Fsel.ExamPractice.Lms.Application\Fsel.ExamPractice.Lms.Application.csproj", "{A37D719E-F2D5-4A4D-A8BF-7B4EB899510D}"
EndProject
Project("{2150E333-8FDC-42A3-9474-1A3956D46DE8}") = "packages", "packages", "{90E431D5-4565-4534-A356-BAB185D7E282}"
EndProject
Project("{2150E333-8FDC-42A3-9474-1A3956D46DE8}") = "IdentityServer", "IdentityServer", "{99B47819-BF90-415A-977C-F5E63175FBB0}"
EndProject
Project("{9A19103F-16F7-4668-BE54-9A1E7A4F7556}") = "IdentityServer4.AspNetIdentity", "Packages\IdentityServer\AspNetIdentity\src\IdentityServer4.AspNetIdentity.csproj", "{C013CD64-6329-4FA6-9717-4D49BD6E6CA9}"
EndProject
Project("{9A19103F-16F7-4668-BE54-9A1E7A4F7556}") = "IdentityServer4.EntityFramework", "Packages\IdentityServer\EntityFramework\src\IdentityServer4.EntityFramework.csproj", "{AFE6B087-39B8-41E9-BBFF-7AA76D886C09}"
EndProject
Project("{9A19103F-16F7-4668-BE54-9A1E7A4F7556}") = "IdentityServer4.EntityFramework.Storage", "Packages\IdentityServer\EntityFramework.Storage\src\IdentityServer4.EntityFramework.Storage.csproj", "{DAAAA814-3DFA-4976-89EB-E14898844C87}"
EndProject
Project("{9A19103F-16F7-4668-BE54-9A1E7A4F7556}") = "IdentityServer4", "Packages\IdentityServer\IdentityServer4\src\IdentityServer4.csproj", "{38A86C2D-F4AC-4A02-A59A-3CE07151F6E4}"
EndProject
Project("{9A19103F-16F7-4668-BE54-9A1E7A4F7556}") = "IdentityServer4.Storage", "Packages\IdentityServer\Storage\src\IdentityServer4.Storage.csproj", "{09393233-701D-491B-B86D-6D88C41F0169}"
EndProject
Project("{2150E333-8FDC-42A3-9474-1A3956D46DE8}") = "Fsel.Course", "Fsel.Course", "{086A4F17-4058-4B12-90CD-1651CF155E9B}"
EndProject
Project("{FAE04EC0-301F-11D3-BF4B-00C04F79EFBC}") = "Fsel.Course.Lms.Application.Test", "Tests\Fsel.Course\Fsel.Course.Lms.Application.Test\Fsel.Course.Lms.Application.Test.csproj", "{1F3E99D2-3E1E-A8E3-7F4C-2FF04E7C6E5F}"
EndProject
Project("{2150E333-8FDC-42A3-9474-1A3956D46DE8}") = "Fsel.Master", "Fsel.Master", "{397494E7-C420-4800-ADE8-B14E0B9239ED}"
EndProject
Project("{FAE04EC0-301F-11D3-BF4B-00C04F79EFBC}") = "Fsel.Master.Api", "Services\Fsel.Master\Fsel.Master.Api\Fsel.Master.Api.csproj", "{2184E1DA-AADD-877F-28FC-E2CF5AA3BB47}"
EndProject
Project("{FAE04EC0-301F-11D3-BF4B-00C04F79EFBC}") = "Fsel.Master.Application", "Services\Fsel.Master\Fsel.Master.Application\Fsel.Master.Application.csproj", "{39D273CD-B4E9-B54C-7193-F7B599D9CC4F}"
EndProject
Project("{FAE04EC0-301F-11D3-BF4B-00C04F79EFBC}") = "Fsel.Master.Domain", "Services\Fsel.Master\Fsel.Master.Domain\Fsel.Master.Domain.csproj", "{4E113C78-505E-9560-8460-2047D52E2534}"
EndProject
Project("{FAE04EC0-301F-11D3-BF4B-00C04F79EFBC}") = "Fsel.Master.Infrastructure", "Services\Fsel.Master\Fsel.Master.Infrastructure\Fsel.Master.Infrastructure.csproj", "{D5DBB2AA-170B-03E5-89D0-1CFBE0FA6FC6}"
EndProject
Global
	GlobalSection(SolutionConfigurationPlatforms) = preSolution
		Debug|Any CPU = Debug|Any CPU
		Release|Any CPU = Release|Any CPU
	EndGlobalSection
	GlobalSection(ProjectConfigurationPlatforms) = postSolution
		{68E7B620-BCE3-4805-AFE3-96211AF83354}.Debug|Any CPU.ActiveCfg = Debug|Any CPU
		{68E7B620-BCE3-4805-AFE3-96211AF83354}.Debug|Any CPU.Build.0 = Debug|Any CPU
		{68E7B620-BCE3-4805-AFE3-96211AF83354}.Release|Any CPU.ActiveCfg = Release|Any CPU
		{68E7B620-BCE3-4805-AFE3-96211AF83354}.Release|Any CPU.Build.0 = Release|Any CPU
		{6AA0DB5B-7B7A-4788-94C1-A6B38BB44D9E}.Debug|Any CPU.ActiveCfg = Debug|Any CPU
		{6AA0DB5B-7B7A-4788-94C1-A6B38BB44D9E}.Debug|Any CPU.Build.0 = Debug|Any CPU
		{6AA0DB5B-7B7A-4788-94C1-A6B38BB44D9E}.Release|Any CPU.ActiveCfg = Release|Any CPU
		{6AA0DB5B-7B7A-4788-94C1-A6B38BB44D9E}.Release|Any CPU.Build.0 = Release|Any CPU
		{F6FBF4D6-5280-43FB-8103-D8BA994B7142}.Debug|Any CPU.ActiveCfg = Debug|Any CPU
		{F6FBF4D6-5280-43FB-8103-D8BA994B7142}.Debug|Any CPU.Build.0 = Debug|Any CPU
		{F6FBF4D6-5280-43FB-8103-D8BA994B7142}.Release|Any CPU.ActiveCfg = Release|Any CPU
		{F6FBF4D6-5280-43FB-8103-D8BA994B7142}.Release|Any CPU.Build.0 = Release|Any CPU
		{6B9E7501-C444-4EEE-A280-C89B1F6FCEEE}.Debug|Any CPU.ActiveCfg = Debug|Any CPU
		{6B9E7501-C444-4EEE-A280-C89B1F6FCEEE}.Debug|Any CPU.Build.0 = Debug|Any CPU
		{6B9E7501-C444-4EEE-A280-C89B1F6FCEEE}.Release|Any CPU.ActiveCfg = Release|Any CPU
		{6B9E7501-C444-4EEE-A280-C89B1F6FCEEE}.Release|Any CPU.Build.0 = Release|Any CPU
		{A19E3234-3F80-4B2A-A643-4790FB75A643}.Debug|Any CPU.ActiveCfg = Debug|Any CPU
		{A19E3234-3F80-4B2A-A643-4790FB75A643}.Debug|Any CPU.Build.0 = Debug|Any CPU
		{A19E3234-3F80-4B2A-A643-4790FB75A643}.Release|Any CPU.ActiveCfg = Release|Any CPU
		{A19E3234-3F80-4B2A-A643-4790FB75A643}.Release|Any CPU.Build.0 = Release|Any CPU
		{661AFC53-F787-4EFA-826D-57F7CC233A5F}.Debug|Any CPU.ActiveCfg = Debug|Any CPU
		{661AFC53-F787-4EFA-826D-57F7CC233A5F}.Debug|Any CPU.Build.0 = Debug|Any CPU
		{661AFC53-F787-4EFA-826D-57F7CC233A5F}.Release|Any CPU.ActiveCfg = Release|Any CPU
		{661AFC53-F787-4EFA-826D-57F7CC233A5F}.Release|Any CPU.Build.0 = Release|Any CPU
		{57F5C66C-BBAD-466E-8E03-29472AFD371C}.Debug|Any CPU.ActiveCfg = Debug|Any CPU
		{57F5C66C-BBAD-466E-8E03-29472AFD371C}.Debug|Any CPU.Build.0 = Debug|Any CPU
		{57F5C66C-BBAD-466E-8E03-29472AFD371C}.Release|Any CPU.ActiveCfg = Release|Any CPU
		{57F5C66C-BBAD-466E-8E03-29472AFD371C}.Release|Any CPU.Build.0 = Release|Any CPU
		{F00661EB-79BF-4DF2-9079-615BC49E00DB}.Debug|Any CPU.ActiveCfg = Debug|Any CPU
		{F00661EB-79BF-4DF2-9079-615BC49E00DB}.Debug|Any CPU.Build.0 = Debug|Any CPU
		{F00661EB-79BF-4DF2-9079-615BC49E00DB}.Release|Any CPU.ActiveCfg = Release|Any CPU
		{F00661EB-79BF-4DF2-9079-615BC49E00DB}.Release|Any CPU.Build.0 = Release|Any CPU
		{159613E1-3EF7-497A-BB08-C994D0B937D2}.Debug|Any CPU.ActiveCfg = Debug|Any CPU
		{159613E1-3EF7-497A-BB08-C994D0B937D2}.Debug|Any CPU.Build.0 = Debug|Any CPU
		{159613E1-3EF7-497A-BB08-C994D0B937D2}.Release|Any CPU.ActiveCfg = Release|Any CPU
		{159613E1-3EF7-497A-BB08-C994D0B937D2}.Release|Any CPU.Build.0 = Release|Any CPU
		{44A66333-9B8C-4679-BCAA-412683DE1385}.Debug|Any CPU.ActiveCfg = Debug|Any CPU
		{44A66333-9B8C-4679-BCAA-412683DE1385}.Debug|Any CPU.Build.0 = Debug|Any CPU
		{44A66333-9B8C-4679-BCAA-412683DE1385}.Release|Any CPU.ActiveCfg = Release|Any CPU
		{44A66333-9B8C-4679-BCAA-412683DE1385}.Release|Any CPU.Build.0 = Release|Any CPU
		{56250C92-1785-4065-9AEB-1F8CA77BCFB5}.Debug|Any CPU.ActiveCfg = Debug|Any CPU
		{56250C92-1785-4065-9AEB-1F8CA77BCFB5}.Debug|Any CPU.Build.0 = Debug|Any CPU
		{56250C92-1785-4065-9AEB-1F8CA77BCFB5}.Release|Any CPU.ActiveCfg = Release|Any CPU
		{56250C92-1785-4065-9AEB-1F8CA77BCFB5}.Release|Any CPU.Build.0 = Release|Any CPU
		{6D6DC205-C2B8-4C65-824D-C827B76A11AE}.Debug|Any CPU.ActiveCfg = Debug|Any CPU
		{6D6DC205-C2B8-4C65-824D-C827B76A11AE}.Debug|Any CPU.Build.0 = Debug|Any CPU
		{6D6DC205-C2B8-4C65-824D-C827B76A11AE}.Release|Any CPU.ActiveCfg = Release|Any CPU
		{6D6DC205-C2B8-4C65-824D-C827B76A11AE}.Release|Any CPU.Build.0 = Release|Any CPU
		{06095DB5-3242-48B9-8713-557E2605E16D}.Debug|Any CPU.ActiveCfg = Debug|Any CPU
		{06095DB5-3242-48B9-8713-557E2605E16D}.Debug|Any CPU.Build.0 = Debug|Any CPU
		{06095DB5-3242-48B9-8713-557E2605E16D}.Release|Any CPU.ActiveCfg = Release|Any CPU
		{06095DB5-3242-48B9-8713-557E2605E16D}.Release|Any CPU.Build.0 = Release|Any CPU
		{197343D9-2502-4775-9988-1249E377A7AF}.Debug|Any CPU.ActiveCfg = Debug|Any CPU
		{197343D9-2502-4775-9988-1249E377A7AF}.Debug|Any CPU.Build.0 = Debug|Any CPU
		{197343D9-2502-4775-9988-1249E377A7AF}.Release|Any CPU.ActiveCfg = Release|Any CPU
		{197343D9-2502-4775-9988-1249E377A7AF}.Release|Any CPU.Build.0 = Release|Any CPU
		{994987E5-BAC5-4D1B-A169-1E5DB694D77E}.Debug|Any CPU.ActiveCfg = Debug|Any CPU
		{994987E5-BAC5-4D1B-A169-1E5DB694D77E}.Debug|Any CPU.Build.0 = Debug|Any CPU
		{994987E5-BAC5-4D1B-A169-1E5DB694D77E}.Release|Any CPU.ActiveCfg = Release|Any CPU
		{994987E5-BAC5-4D1B-A169-1E5DB694D77E}.Release|Any CPU.Build.0 = Release|Any CPU
		{92EFAC9B-1612-4190-BF2F-56F75259003C}.Debug|Any CPU.ActiveCfg = Debug|Any CPU
		{92EFAC9B-1612-4190-BF2F-56F75259003C}.Debug|Any CPU.Build.0 = Debug|Any CPU
		{92EFAC9B-1612-4190-BF2F-56F75259003C}.Release|Any CPU.ActiveCfg = Release|Any CPU
		{92EFAC9B-1612-4190-BF2F-56F75259003C}.Release|Any CPU.Build.0 = Release|Any CPU
		{255DA686-CCB6-4733-A76E-B5A93D2D7A98}.Debug|Any CPU.ActiveCfg = Debug|Any CPU
		{255DA686-CCB6-4733-A76E-B5A93D2D7A98}.Debug|Any CPU.Build.0 = Debug|Any CPU
		{255DA686-CCB6-4733-A76E-B5A93D2D7A98}.Release|Any CPU.ActiveCfg = Release|Any CPU
		{255DA686-CCB6-4733-A76E-B5A93D2D7A98}.Release|Any CPU.Build.0 = Release|Any CPU
		{9AFCAF07-B2A0-48D6-8D1F-980B0676BB19}.Debug|Any CPU.ActiveCfg = Debug|Any CPU
		{9AFCAF07-B2A0-48D6-8D1F-980B0676BB19}.Debug|Any CPU.Build.0 = Debug|Any CPU
		{9AFCAF07-B2A0-48D6-8D1F-980B0676BB19}.Release|Any CPU.ActiveCfg = Release|Any CPU
		{9AFCAF07-B2A0-48D6-8D1F-980B0676BB19}.Release|Any CPU.Build.0 = Release|Any CPU
		{94F6CEC8-B209-4939-AFC9-68E58300CC3E}.Debug|Any CPU.ActiveCfg = Debug|Any CPU
		{94F6CEC8-B209-4939-AFC9-68E58300CC3E}.Debug|Any CPU.Build.0 = Debug|Any CPU
		{94F6CEC8-B209-4939-AFC9-68E58300CC3E}.Release|Any CPU.ActiveCfg = Release|Any CPU
		{94F6CEC8-B209-4939-AFC9-68E58300CC3E}.Release|Any CPU.Build.0 = Release|Any CPU
		{29CB9AFE-D97D-43CD-B5FB-5BBAADAC6257}.Debug|Any CPU.ActiveCfg = Debug|Any CPU
		{29CB9AFE-D97D-43CD-B5FB-5BBAADAC6257}.Debug|Any CPU.Build.0 = Debug|Any CPU
		{29CB9AFE-D97D-43CD-B5FB-5BBAADAC6257}.Release|Any CPU.ActiveCfg = Release|Any CPU
		{29CB9AFE-D97D-43CD-B5FB-5BBAADAC6257}.Release|Any CPU.Build.0 = Release|Any CPU
		{64BB8E38-DC56-4F80-87B5-1C8F42694627}.Debug|Any CPU.ActiveCfg = Debug|Any CPU
		{64BB8E38-DC56-4F80-87B5-1C8F42694627}.Debug|Any CPU.Build.0 = Debug|Any CPU
		{64BB8E38-DC56-4F80-87B5-1C8F42694627}.Release|Any CPU.ActiveCfg = Release|Any CPU
		{64BB8E38-DC56-4F80-87B5-1C8F42694627}.Release|Any CPU.Build.0 = Release|Any CPU
		{B95CC77B-F9FC-4087-9C10-24996B56FC0F}.Debug|Any CPU.ActiveCfg = Debug|Any CPU
		{B95CC77B-F9FC-4087-9C10-24996B56FC0F}.Debug|Any CPU.Build.0 = Debug|Any CPU
		{B95CC77B-F9FC-4087-9C10-24996B56FC0F}.Release|Any CPU.ActiveCfg = Release|Any CPU
		{B95CC77B-F9FC-4087-9C10-24996B56FC0F}.Release|Any CPU.Build.0 = Release|Any CPU
		{DBE9FFC8-79EB-470D-8A8C-3E5F233CE0BE}.Debug|Any CPU.ActiveCfg = Debug|Any CPU
		{DBE9FFC8-79EB-470D-8A8C-3E5F233CE0BE}.Debug|Any CPU.Build.0 = Debug|Any CPU
		{DBE9FFC8-79EB-470D-8A8C-3E5F233CE0BE}.Release|Any CPU.ActiveCfg = Release|Any CPU
		{DBE9FFC8-79EB-470D-8A8C-3E5F233CE0BE}.Release|Any CPU.Build.0 = Release|Any CPU
		{BD89DDE2-0EBA-4482-AD96-66F1E379B67F}.Debug|Any CPU.ActiveCfg = Debug|Any CPU
		{BD89DDE2-0EBA-4482-AD96-66F1E379B67F}.Debug|Any CPU.Build.0 = Debug|Any CPU
		{BD89DDE2-0EBA-4482-AD96-66F1E379B67F}.Release|Any CPU.ActiveCfg = Release|Any CPU
		{BD89DDE2-0EBA-4482-AD96-66F1E379B67F}.Release|Any CPU.Build.0 = Release|Any CPU
		{9BF4073C-F46A-407B-B809-27250E4CDA2C}.Debug|Any CPU.ActiveCfg = Debug|Any CPU
		{9BF4073C-F46A-407B-B809-27250E4CDA2C}.Debug|Any CPU.Build.0 = Debug|Any CPU
		{9BF4073C-F46A-407B-B809-27250E4CDA2C}.Release|Any CPU.ActiveCfg = Release|Any CPU
		{9BF4073C-F46A-407B-B809-27250E4CDA2C}.Release|Any CPU.Build.0 = Release|Any CPU
		{16915432-9370-4ABF-ACAE-E427BBA73A16}.Debug|Any CPU.ActiveCfg = Debug|Any CPU
		{16915432-9370-4ABF-ACAE-E427BBA73A16}.Debug|Any CPU.Build.0 = Debug|Any CPU
		{16915432-9370-4ABF-ACAE-E427BBA73A16}.Release|Any CPU.ActiveCfg = Release|Any CPU
		{16915432-9370-4ABF-ACAE-E427BBA73A16}.Release|Any CPU.Build.0 = Release|Any CPU
		{75861805-D7F0-4462-A93A-07B200728471}.Debug|Any CPU.ActiveCfg = Debug|Any CPU
		{75861805-D7F0-4462-A93A-07B200728471}.Debug|Any CPU.Build.0 = Debug|Any CPU
		{75861805-D7F0-4462-A93A-07B200728471}.Release|Any CPU.ActiveCfg = Release|Any CPU
		{75861805-D7F0-4462-A93A-07B200728471}.Release|Any CPU.Build.0 = Release|Any CPU
		{93189B25-6753-4F1E-B732-687895BA36D1}.Debug|Any CPU.ActiveCfg = Debug|Any CPU
		{93189B25-6753-4F1E-B732-687895BA36D1}.Debug|Any CPU.Build.0 = Debug|Any CPU
		{93189B25-6753-4F1E-B732-687895BA36D1}.Release|Any CPU.ActiveCfg = Release|Any CPU
		{93189B25-6753-4F1E-B732-687895BA36D1}.Release|Any CPU.Build.0 = Release|Any CPU
		{AA604BBF-9073-4299-8A3A-A8A929240135}.Debug|Any CPU.ActiveCfg = Debug|Any CPU
		{AA604BBF-9073-4299-8A3A-A8A929240135}.Debug|Any CPU.Build.0 = Debug|Any CPU
		{AA604BBF-9073-4299-8A3A-A8A929240135}.Release|Any CPU.ActiveCfg = Release|Any CPU
		{AA604BBF-9073-4299-8A3A-A8A929240135}.Release|Any CPU.Build.0 = Release|Any CPU
		{2BED5840-1B6E-4BB2-B145-BD8D366F3AAC}.Debug|Any CPU.ActiveCfg = Debug|Any CPU
		{2BED5840-1B6E-4BB2-B145-BD8D366F3AAC}.Debug|Any CPU.Build.0 = Debug|Any CPU
		{2BED5840-1B6E-4BB2-B145-BD8D366F3AAC}.Release|Any CPU.ActiveCfg = Release|Any CPU
		{2BED5840-1B6E-4BB2-B145-BD8D366F3AAC}.Release|Any CPU.Build.0 = Release|Any CPU
		{53F681CA-3E35-4480-AFFF-45AC36862FA6}.Debug|Any CPU.ActiveCfg = Debug|Any CPU
		{53F681CA-3E35-4480-AFFF-45AC36862FA6}.Debug|Any CPU.Build.0 = Debug|Any CPU
		{53F681CA-3E35-4480-AFFF-45AC36862FA6}.Release|Any CPU.ActiveCfg = Release|Any CPU
		{53F681CA-3E35-4480-AFFF-45AC36862FA6}.Release|Any CPU.Build.0 = Release|Any CPU
		{BC64061C-552C-4F9D-8B39-884DF270FC15}.Debug|Any CPU.ActiveCfg = Debug|Any CPU
		{BC64061C-552C-4F9D-8B39-884DF270FC15}.Debug|Any CPU.Build.0 = Debug|Any CPU
		{BC64061C-552C-4F9D-8B39-884DF270FC15}.Release|Any CPU.ActiveCfg = Release|Any CPU
		{BC64061C-552C-4F9D-8B39-884DF270FC15}.Release|Any CPU.Build.0 = Release|Any CPU
		{6B6BCBBD-CCB8-4C15-A857-29BAF20C3307}.Debug|Any CPU.ActiveCfg = Debug|Any CPU
		{6B6BCBBD-CCB8-4C15-A857-29BAF20C3307}.Debug|Any CPU.Build.0 = Debug|Any CPU
		{6B6BCBBD-CCB8-4C15-A857-29BAF20C3307}.Release|Any CPU.ActiveCfg = Release|Any CPU
		{6B6BCBBD-CCB8-4C15-A857-29BAF20C3307}.Release|Any CPU.Build.0 = Release|Any CPU
		{CDC10682-95E2-4566-9F82-E8248E5BA185}.Debug|Any CPU.ActiveCfg = Debug|Any CPU
		{CDC10682-95E2-4566-9F82-E8248E5BA185}.Debug|Any CPU.Build.0 = Debug|Any CPU
		{CDC10682-95E2-4566-9F82-E8248E5BA185}.Release|Any CPU.ActiveCfg = Release|Any CPU
		{CDC10682-95E2-4566-9F82-E8248E5BA185}.Release|Any CPU.Build.0 = Release|Any CPU
		{81598BDB-3C97-4DBD-AD42-3BBE510C4C6C}.Debug|Any CPU.ActiveCfg = Debug|Any CPU
		{81598BDB-3C97-4DBD-AD42-3BBE510C4C6C}.Debug|Any CPU.Build.0 = Debug|Any CPU
		{81598BDB-3C97-4DBD-AD42-3BBE510C4C6C}.Release|Any CPU.ActiveCfg = Release|Any CPU
		{81598BDB-3C97-4DBD-AD42-3BBE510C4C6C}.Release|Any CPU.Build.0 = Release|Any CPU
		{9736B34F-EBBD-4F07-9798-2E3A0292EC3E}.Debug|Any CPU.ActiveCfg = Debug|Any CPU
		{9736B34F-EBBD-4F07-9798-2E3A0292EC3E}.Debug|Any CPU.Build.0 = Debug|Any CPU
		{9736B34F-EBBD-4F07-9798-2E3A0292EC3E}.Release|Any CPU.ActiveCfg = Release|Any CPU
		{9736B34F-EBBD-4F07-9798-2E3A0292EC3E}.Release|Any CPU.Build.0 = Release|Any CPU
		{C29D4EBA-6C25-4CE4-930B-CC6E034BB205}.Debug|Any CPU.ActiveCfg = Debug|Any CPU
		{C29D4EBA-6C25-4CE4-930B-CC6E034BB205}.Debug|Any CPU.Build.0 = Debug|Any CPU
		{C29D4EBA-6C25-4CE4-930B-CC6E034BB205}.Release|Any CPU.ActiveCfg = Release|Any CPU
		{C29D4EBA-6C25-4CE4-930B-CC6E034BB205}.Release|Any CPU.Build.0 = Release|Any CPU
		{EDC864B6-307C-4C3A-B809-CE63813B4334}.Debug|Any CPU.ActiveCfg = Debug|Any CPU
		{EDC864B6-307C-4C3A-B809-CE63813B4334}.Debug|Any CPU.Build.0 = Debug|Any CPU
		{EDC864B6-307C-4C3A-B809-CE63813B4334}.Release|Any CPU.ActiveCfg = Release|Any CPU
		{EDC864B6-307C-4C3A-B809-CE63813B4334}.Release|Any CPU.Build.0 = Release|Any CPU
		{CB921892-7164-4CB3-A989-94650141B739}.Debug|Any CPU.ActiveCfg = Debug|Any CPU
		{CB921892-7164-4CB3-A989-94650141B739}.Debug|Any CPU.Build.0 = Debug|Any CPU
		{CB921892-7164-4CB3-A989-94650141B739}.Release|Any CPU.ActiveCfg = Release|Any CPU
		{CB921892-7164-4CB3-A989-94650141B739}.Release|Any CPU.Build.0 = Release|Any CPU
		{08F5C58C-AFED-4A0E-8515-F896FB4668A0}.Debug|Any CPU.ActiveCfg = Debug|Any CPU
		{08F5C58C-AFED-4A0E-8515-F896FB4668A0}.Debug|Any CPU.Build.0 = Debug|Any CPU
		{08F5C58C-AFED-4A0E-8515-F896FB4668A0}.Release|Any CPU.ActiveCfg = Release|Any CPU
		{08F5C58C-AFED-4A0E-8515-F896FB4668A0}.Release|Any CPU.Build.0 = Release|Any CPU
		{5D2BC015-775A-4A2F-8504-2D9CF57ED0F7}.Debug|Any CPU.ActiveCfg = Debug|Any CPU
		{5D2BC015-775A-4A2F-8504-2D9CF57ED0F7}.Debug|Any CPU.Build.0 = Debug|Any CPU
		{5D2BC015-775A-4A2F-8504-2D9CF57ED0F7}.Release|Any CPU.ActiveCfg = Release|Any CPU
		{5D2BC015-775A-4A2F-8504-2D9CF57ED0F7}.Release|Any CPU.Build.0 = Release|Any CPU
		{8DEF55E4-6BF6-4097-B7D4-67335800B5D3}.Debug|Any CPU.ActiveCfg = Debug|Any CPU
		{8DEF55E4-6BF6-4097-B7D4-67335800B5D3}.Debug|Any CPU.Build.0 = Debug|Any CPU
		{8DEF55E4-6BF6-4097-B7D4-67335800B5D3}.Release|Any CPU.ActiveCfg = Release|Any CPU
		{8DEF55E4-6BF6-4097-B7D4-67335800B5D3}.Release|Any CPU.Build.0 = Release|Any CPU
		{1801A5ED-1E3B-42AD-80B8-09845F072CAD}.Debug|Any CPU.ActiveCfg = Debug|Any CPU
		{1801A5ED-1E3B-42AD-80B8-09845F072CAD}.Debug|Any CPU.Build.0 = Debug|Any CPU
		{1801A5ED-1E3B-42AD-80B8-09845F072CAD}.Release|Any CPU.ActiveCfg = Release|Any CPU
		{1801A5ED-1E3B-42AD-80B8-09845F072CAD}.Release|Any CPU.Build.0 = Release|Any CPU
		{8725786D-70FB-4624-BFD6-B7A062A3B6FC}.Debug|Any CPU.ActiveCfg = Debug|Any CPU
		{8725786D-70FB-4624-BFD6-B7A062A3B6FC}.Debug|Any CPU.Build.0 = Debug|Any CPU
		{8725786D-70FB-4624-BFD6-B7A062A3B6FC}.Release|Any CPU.ActiveCfg = Release|Any CPU
		{8725786D-70FB-4624-BFD6-B7A062A3B6FC}.Release|Any CPU.Build.0 = Release|Any CPU
		{9D834B9A-BFE9-495C-A070-0099475CEF20}.Debug|Any CPU.ActiveCfg = Debug|Any CPU
		{9D834B9A-BFE9-495C-A070-0099475CEF20}.Debug|Any CPU.Build.0 = Debug|Any CPU
		{9D834B9A-BFE9-495C-A070-0099475CEF20}.Release|Any CPU.ActiveCfg = Release|Any CPU
		{9D834B9A-BFE9-495C-A070-0099475CEF20}.Release|Any CPU.Build.0 = Release|Any CPU
		{F7216236-DA31-422E-9422-7E27131FBBC8}.Debug|Any CPU.ActiveCfg = Debug|Any CPU
		{F7216236-DA31-422E-9422-7E27131FBBC8}.Debug|Any CPU.Build.0 = Debug|Any CPU
		{F7216236-DA31-422E-9422-7E27131FBBC8}.Release|Any CPU.ActiveCfg = Release|Any CPU
		{F7216236-DA31-422E-9422-7E27131FBBC8}.Release|Any CPU.Build.0 = Release|Any CPU
		{BC7DD186-96EE-45BD-A6AD-724998A736FB}.Debug|Any CPU.ActiveCfg = Debug|Any CPU
		{BC7DD186-96EE-45BD-A6AD-724998A736FB}.Debug|Any CPU.Build.0 = Debug|Any CPU
		{BC7DD186-96EE-45BD-A6AD-724998A736FB}.Release|Any CPU.ActiveCfg = Release|Any CPU
		{BC7DD186-96EE-45BD-A6AD-724998A736FB}.Release|Any CPU.Build.0 = Release|Any CPU
		{B3AA081A-A3E9-415B-A9DD-81AC03E7DFE0}.Debug|Any CPU.ActiveCfg = Debug|Any CPU
		{B3AA081A-A3E9-415B-A9DD-81AC03E7DFE0}.Debug|Any CPU.Build.0 = Debug|Any CPU
		{B3AA081A-A3E9-415B-A9DD-81AC03E7DFE0}.Release|Any CPU.ActiveCfg = Release|Any CPU
		{B3AA081A-A3E9-415B-A9DD-81AC03E7DFE0}.Release|Any CPU.Build.0 = Release|Any CPU
		{8B1C6EF9-3383-4929-AD40-9B4E83AFB45A}.Debug|Any CPU.ActiveCfg = Debug|Any CPU
		{8B1C6EF9-3383-4929-AD40-9B4E83AFB45A}.Debug|Any CPU.Build.0 = Debug|Any CPU
		{8B1C6EF9-3383-4929-AD40-9B4E83AFB45A}.Release|Any CPU.ActiveCfg = Release|Any CPU
		{8B1C6EF9-3383-4929-AD40-9B4E83AFB45A}.Release|Any CPU.Build.0 = Release|Any CPU
		{966411B4-A587-4957-B7A3-C50F42F0D184}.Debug|Any CPU.ActiveCfg = Debug|Any CPU
		{966411B4-A587-4957-B7A3-C50F42F0D184}.Debug|Any CPU.Build.0 = Debug|Any CPU
		{966411B4-A587-4957-B7A3-C50F42F0D184}.Release|Any CPU.ActiveCfg = Release|Any CPU
		{966411B4-A587-4957-B7A3-C50F42F0D184}.Release|Any CPU.Build.0 = Release|Any CPU
		{8A351B9F-8EC0-4C85-B4BF-E005096160AC}.Debug|Any CPU.ActiveCfg = Debug|Any CPU
		{8A351B9F-8EC0-4C85-B4BF-E005096160AC}.Debug|Any CPU.Build.0 = Debug|Any CPU
		{8A351B9F-8EC0-4C85-B4BF-E005096160AC}.Release|Any CPU.ActiveCfg = Release|Any CPU
		{8A351B9F-8EC0-4C85-B4BF-E005096160AC}.Release|Any CPU.Build.0 = Release|Any CPU
		{CDE081E6-FC4B-4519-8660-E1A70733E093}.Debug|Any CPU.ActiveCfg = Debug|Any CPU
		{CDE081E6-FC4B-4519-8660-E1A70733E093}.Debug|Any CPU.Build.0 = Debug|Any CPU
		{CDE081E6-FC4B-4519-8660-E1A70733E093}.Release|Any CPU.ActiveCfg = Release|Any CPU
		{CDE081E6-FC4B-4519-8660-E1A70733E093}.Release|Any CPU.Build.0 = Release|Any CPU
		{C62D2068-CB53-4576-AA98-78E5F1F62E74}.Debug|Any CPU.ActiveCfg = Debug|Any CPU
		{C62D2068-CB53-4576-AA98-78E5F1F62E74}.Debug|Any CPU.Build.0 = Debug|Any CPU
		{C62D2068-CB53-4576-AA98-78E5F1F62E74}.Release|Any CPU.ActiveCfg = Release|Any CPU
		{C62D2068-CB53-4576-AA98-78E5F1F62E74}.Release|Any CPU.Build.0 = Release|Any CPU
		{C399E474-45DB-45F6-9EDA-AAB54A17C6BE}.Debug|Any CPU.ActiveCfg = Debug|Any CPU
		{C399E474-45DB-45F6-9EDA-AAB54A17C6BE}.Debug|Any CPU.Build.0 = Debug|Any CPU
		{C399E474-45DB-45F6-9EDA-AAB54A17C6BE}.Release|Any CPU.ActiveCfg = Release|Any CPU
		{C399E474-45DB-45F6-9EDA-AAB54A17C6BE}.Release|Any CPU.Build.0 = Release|Any CPU
		{07FC7CDD-EF0D-454F-B427-522E616C9456}.Debug|Any CPU.ActiveCfg = Debug|Any CPU
		{07FC7CDD-EF0D-454F-B427-522E616C9456}.Debug|Any CPU.Build.0 = Debug|Any CPU
		{07FC7CDD-EF0D-454F-B427-522E616C9456}.Release|Any CPU.ActiveCfg = Release|Any CPU
		{07FC7CDD-EF0D-454F-B427-522E616C9456}.Release|Any CPU.Build.0 = Release|Any CPU
		{345A2871-9FBB-E8D5-4F3A-5D0A87DBFD81}.Debug|Any CPU.ActiveCfg = Debug|Any CPU
		{345A2871-9FBB-E8D5-4F3A-5D0A87DBFD81}.Debug|Any CPU.Build.0 = Debug|Any CPU
		{345A2871-9FBB-E8D5-4F3A-5D0A87DBFD81}.Release|Any CPU.ActiveCfg = Release|Any CPU
		{345A2871-9FBB-E8D5-4F3A-5D0A87DBFD81}.Release|Any CPU.Build.0 = Release|Any CPU
		{A8F7ED8A-0070-EABF-9376-996AE611B123}.Debug|Any CPU.ActiveCfg = Debug|Any CPU
		{A8F7ED8A-0070-EABF-9376-996AE611B123}.Debug|Any CPU.Build.0 = Debug|Any CPU
		{A8F7ED8A-0070-EABF-9376-996AE611B123}.Release|Any CPU.ActiveCfg = Release|Any CPU
		{A8F7ED8A-0070-EABF-9376-996AE611B123}.Release|Any CPU.Build.0 = Release|Any CPU
		{041C5074-3166-49F3-8E15-BAB88912DEE6}.Debug|Any CPU.ActiveCfg = Debug|Any CPU
		{041C5074-3166-49F3-8E15-BAB88912DEE6}.Debug|Any CPU.Build.0 = Debug|Any CPU
		{041C5074-3166-49F3-8E15-BAB88912DEE6}.Release|Any CPU.ActiveCfg = Release|Any CPU
		{041C5074-3166-49F3-8E15-BAB88912DEE6}.Release|Any CPU.Build.0 = Release|Any CPU
		{A37D719E-F2D5-4A4D-A8BF-7B4EB899510D}.Debug|Any CPU.ActiveCfg = Debug|Any CPU
		{A37D719E-F2D5-4A4D-A8BF-7B4EB899510D}.Debug|Any CPU.Build.0 = Debug|Any CPU
		{A37D719E-F2D5-4A4D-A8BF-7B4EB899510D}.Release|Any CPU.ActiveCfg = Release|Any CPU
		{A37D719E-F2D5-4A4D-A8BF-7B4EB899510D}.Release|Any CPU.Build.0 = Release|Any CPU
		{C013CD64-6329-4FA6-9717-4D49BD6E6CA9}.Debug|Any CPU.ActiveCfg = Debug|Any CPU
		{C013CD64-6329-4FA6-9717-4D49BD6E6CA9}.Debug|Any CPU.Build.0 = Debug|Any CPU
		{C013CD64-6329-4FA6-9717-4D49BD6E6CA9}.Release|Any CPU.ActiveCfg = Release|Any CPU
		{C013CD64-6329-4FA6-9717-4D49BD6E6CA9}.Release|Any CPU.Build.0 = Release|Any CPU
		{AFE6B087-39B8-41E9-BBFF-7AA76D886C09}.Debug|Any CPU.ActiveCfg = Debug|Any CPU
		{AFE6B087-39B8-41E9-BBFF-7AA76D886C09}.Debug|Any CPU.Build.0 = Debug|Any CPU
		{AFE6B087-39B8-41E9-BBFF-7AA76D886C09}.Release|Any CPU.ActiveCfg = Release|Any CPU
		{AFE6B087-39B8-41E9-BBFF-7AA76D886C09}.Release|Any CPU.Build.0 = Release|Any CPU
		{DAAAA814-3DFA-4976-89EB-E14898844C87}.Debug|Any CPU.ActiveCfg = Debug|Any CPU
		{DAAAA814-3DFA-4976-89EB-E14898844C87}.Debug|Any CPU.Build.0 = Debug|Any CPU
		{DAAAA814-3DFA-4976-89EB-E14898844C87}.Release|Any CPU.ActiveCfg = Release|Any CPU
		{DAAAA814-3DFA-4976-89EB-E14898844C87}.Release|Any CPU.Build.0 = Release|Any CPU
		{38A86C2D-F4AC-4A02-A59A-3CE07151F6E4}.Debug|Any CPU.ActiveCfg = Debug|Any CPU
		{38A86C2D-F4AC-4A02-A59A-3CE07151F6E4}.Debug|Any CPU.Build.0 = Debug|Any CPU
		{38A86C2D-F4AC-4A02-A59A-3CE07151F6E4}.Release|Any CPU.ActiveCfg = Release|Any CPU
		{38A86C2D-F4AC-4A02-A59A-3CE07151F6E4}.Release|Any CPU.Build.0 = Release|Any CPU
		{09393233-701D-491B-B86D-6D88C41F0169}.Debug|Any CPU.ActiveCfg = Debug|Any CPU
		{09393233-701D-491B-B86D-6D88C41F0169}.Debug|Any CPU.Build.0 = Debug|Any CPU
		{09393233-701D-491B-B86D-6D88C41F0169}.Release|Any CPU.ActiveCfg = Release|Any CPU
		{09393233-701D-491B-B86D-6D88C41F0169}.Release|Any CPU.Build.0 = Release|Any CPU
		{1F3E99D2-3E1E-A8E3-7F4C-2FF04E7C6E5F}.Debug|Any CPU.ActiveCfg = Debug|Any CPU
		{1F3E99D2-3E1E-A8E3-7F4C-2FF04E7C6E5F}.Debug|Any CPU.Build.0 = Debug|Any CPU
		{1F3E99D2-3E1E-A8E3-7F4C-2FF04E7C6E5F}.Release|Any CPU.ActiveCfg = Release|Any CPU
		{1F3E99D2-3E1E-A8E3-7F4C-2FF04E7C6E5F}.Release|Any CPU.Build.0 = Release|Any CPU
		{2184E1DA-AADD-877F-28FC-E2CF5AA3BB47}.Debug|Any CPU.ActiveCfg = Debug|Any CPU
		{2184E1DA-AADD-877F-28FC-E2CF5AA3BB47}.Debug|Any CPU.Build.0 = Debug|Any CPU
		{2184E1DA-AADD-877F-28FC-E2CF5AA3BB47}.Release|Any CPU.ActiveCfg = Release|Any CPU
		{2184E1DA-AADD-877F-28FC-E2CF5AA3BB47}.Release|Any CPU.Build.0 = Release|Any CPU
		{39D273CD-B4E9-B54C-7193-F7B599D9CC4F}.Debug|Any CPU.ActiveCfg = Debug|Any CPU
		{39D273CD-B4E9-B54C-7193-F7B599D9CC4F}.Debug|Any CPU.Build.0 = Debug|Any CPU
		{39D273CD-B4E9-B54C-7193-F7B599D9CC4F}.Release|Any CPU.ActiveCfg = Release|Any CPU
		{39D273CD-B4E9-B54C-7193-F7B599D9CC4F}.Release|Any CPU.Build.0 = Release|Any CPU
		{4E113C78-505E-9560-8460-2047D52E2534}.Debug|Any CPU.ActiveCfg = Debug|Any CPU
		{4E113C78-505E-9560-8460-2047D52E2534}.Debug|Any CPU.Build.0 = Debug|Any CPU
		{4E113C78-505E-9560-8460-2047D52E2534}.Release|Any CPU.ActiveCfg = Release|Any CPU
		{4E113C78-505E-9560-8460-2047D52E2534}.Release|Any CPU.Build.0 = Release|Any CPU
		{D5DBB2AA-170B-03E5-89D0-1CFBE0FA6FC6}.Debug|Any CPU.ActiveCfg = Debug|Any CPU
		{D5DBB2AA-170B-03E5-89D0-1CFBE0FA6FC6}.Debug|Any CPU.Build.0 = Debug|Any CPU
		{D5DBB2AA-170B-03E5-89D0-1CFBE0FA6FC6}.Release|Any CPU.ActiveCfg = Release|Any CPU
		{D5DBB2AA-170B-03E5-89D0-1CFBE0FA6FC6}.Release|Any CPU.Build.0 = Release|Any CPU
	EndGlobalSection
	GlobalSection(SolutionProperties) = preSolution
		HideSolutionNode = FALSE
	EndGlobalSection
	GlobalSection(NestedProjects) = preSolution
		{7FDF6C08-1B24-4D79-BC5D-63213C874C90} = {5E7078A9-8DE2-459D-854D-7D8625E92C43}
		{A7851FD8-7E61-4116-BBDB-8224C4A2C463} = {5E7078A9-8DE2-459D-854D-7D8625E92C43}
		{68E7B620-BCE3-4805-AFE3-96211AF83354} = {7FDF6C08-1B24-4D79-BC5D-63213C874C90}
		{6AA0DB5B-7B7A-4788-94C1-A6B38BB44D9E} = {7FDF6C08-1B24-4D79-BC5D-63213C874C90}
		{497F115D-9F73-4C04-8E08-70CAB9D781C7} = {5E7078A9-8DE2-459D-854D-7D8625E92C43}
		{F6FBF4D6-5280-43FB-8103-D8BA994B7142} = {497F115D-9F73-4C04-8E08-70CAB9D781C7}
		{6B9E7501-C444-4EEE-A280-C89B1F6FCEEE} = {497F115D-9F73-4C04-8E08-70CAB9D781C7}
		{A19E3234-3F80-4B2A-A643-4790FB75A643} = {497F115D-9F73-4C04-8E08-70CAB9D781C7}
		{661AFC53-F787-4EFA-826D-57F7CC233A5F} = {497F115D-9F73-4C04-8E08-70CAB9D781C7}
		{64106026-0913-4AE9-B201-35F7C12C5302} = {5E7078A9-8DE2-459D-854D-7D8625E92C43}
		{57F5C66C-BBAD-466E-8E03-29472AFD371C} = {64106026-0913-4AE9-B201-35F7C12C5302}
		{F00661EB-79BF-4DF2-9079-615BC49E00DB} = {497F115D-9F73-4C04-8E08-70CAB9D781C7}
		{C83462DD-D506-47E8-A3AE-FA90D7DE973D} = {5E7078A9-8DE2-459D-854D-7D8625E92C43}
		{159613E1-3EF7-497A-BB08-C994D0B937D2} = {C83462DD-D506-47E8-A3AE-FA90D7DE973D}
		{44A66333-9B8C-4679-BCAA-412683DE1385} = {C83462DD-D506-47E8-A3AE-FA90D7DE973D}
		{56250C92-1785-4065-9AEB-1F8CA77BCFB5} = {C83462DD-D506-47E8-A3AE-FA90D7DE973D}
		{6D6DC205-C2B8-4C65-824D-C827B76A11AE} = {C83462DD-D506-47E8-A3AE-FA90D7DE973D}
		{06095DB5-3242-48B9-8713-557E2605E16D} = {7FDF6C08-1B24-4D79-BC5D-63213C874C90}
		{197343D9-2502-4775-9988-1249E377A7AF} = {7FDF6C08-1B24-4D79-BC5D-63213C874C90}
		{C73BC8D0-81BE-4B39-8D9C-2499A3B3905B} = {5E7078A9-8DE2-459D-854D-7D8625E92C43}
		{994987E5-BAC5-4D1B-A169-1E5DB694D77E} = {C73BC8D0-81BE-4B39-8D9C-2499A3B3905B}
		{92EFAC9B-1612-4190-BF2F-56F75259003C} = {C73BC8D0-81BE-4B39-8D9C-2499A3B3905B}
		{255DA686-CCB6-4733-A76E-B5A93D2D7A98} = {C73BC8D0-81BE-4B39-8D9C-2499A3B3905B}
		{9AFCAF07-B2A0-48D6-8D1F-980B0676BB19} = {C73BC8D0-81BE-4B39-8D9C-2499A3B3905B}
		{104C3440-61F6-4010-86B3-8175815BA92C} = {5E7078A9-8DE2-459D-854D-7D8625E92C43}
		{94F6CEC8-B209-4939-AFC9-68E58300CC3E} = {104C3440-61F6-4010-86B3-8175815BA92C}
		{29CB9AFE-D97D-43CD-B5FB-5BBAADAC6257} = {104C3440-61F6-4010-86B3-8175815BA92C}
		{64BB8E38-DC56-4F80-87B5-1C8F42694627} = {104C3440-61F6-4010-86B3-8175815BA92C}
		{B95CC77B-F9FC-4087-9C10-24996B56FC0F} = {104C3440-61F6-4010-86B3-8175815BA92C}
		{DBE9FFC8-79EB-470D-8A8C-3E5F233CE0BE} = {7FDF6C08-1B24-4D79-BC5D-63213C874C90}
		{BD89DDE2-0EBA-4482-AD96-66F1E379B67F} = {7FDF6C08-1B24-4D79-BC5D-63213C874C90}
		{9BF4073C-F46A-407B-B809-27250E4CDA2C} = {A7851FD8-7E61-4116-BBDB-8224C4A2C463}
		{2BC472B4-092A-4FD7-AA28-47596065C9B4} = {5E7078A9-8DE2-459D-854D-7D8625E92C43}
		{16915432-9370-4ABF-ACAE-E427BBA73A16} = {2BC472B4-092A-4FD7-AA28-47596065C9B4}
		{75861805-D7F0-4462-A93A-07B200728471} = {2BC472B4-092A-4FD7-AA28-47596065C9B4}
		{93189B25-6753-4F1E-B732-687895BA36D1} = {2BC472B4-092A-4FD7-AA28-47596065C9B4}
		{AA604BBF-9073-4299-8A3A-A8A929240135} = {2BC472B4-092A-4FD7-AA28-47596065C9B4}
		{9F26AA66-B696-41C4-871A-B89E5877D9AE} = {5E7078A9-8DE2-459D-854D-7D8625E92C43}
		{2BED5840-1B6E-4BB2-B145-BD8D366F3AAC} = {9F26AA66-B696-41C4-871A-B89E5877D9AE}
		{53F681CA-3E35-4480-AFFF-45AC36862FA6} = {9F26AA66-B696-41C4-871A-B89E5877D9AE}
		{BC64061C-552C-4F9D-8B39-884DF270FC15} = {9F26AA66-B696-41C4-871A-B89E5877D9AE}
		{6B6BCBBD-CCB8-4C15-A857-29BAF20C3307} = {9F26AA66-B696-41C4-871A-B89E5877D9AE}
		{48F314F8-7FFA-4CA6-9DC2-FFA4FB81A1C4} = {5E7078A9-8DE2-459D-854D-7D8625E92C43}
		{CDC10682-95E2-4566-9F82-E8248E5BA185} = {48F314F8-7FFA-4CA6-9DC2-FFA4FB81A1C4}
		{81598BDB-3C97-4DBD-AD42-3BBE510C4C6C} = {48F314F8-7FFA-4CA6-9DC2-FFA4FB81A1C4}
		{9736B34F-EBBD-4F07-9798-2E3A0292EC3E} = {48F314F8-7FFA-4CA6-9DC2-FFA4FB81A1C4}
		{C29D4EBA-6C25-4CE4-930B-CC6E034BB205} = {48F314F8-7FFA-4CA6-9DC2-FFA4FB81A1C4}
		{8C1B7E40-82E8-4028-9A7A-254C7BBED5CC} = {5E7078A9-8DE2-459D-854D-7D8625E92C43}
		{EDC864B6-307C-4C3A-B809-CE63813B4334} = {8C1B7E40-82E8-4028-9A7A-254C7BBED5CC}
		{CB921892-7164-4CB3-A989-94650141B739} = {8C1B7E40-82E8-4028-9A7A-254C7BBED5CC}
		{08F5C58C-AFED-4A0E-8515-F896FB4668A0} = {8C1B7E40-82E8-4028-9A7A-254C7BBED5CC}
		{5D2BC015-775A-4A2F-8504-2D9CF57ED0F7} = {8C1B7E40-82E8-4028-9A7A-254C7BBED5CC}
		{D18BF2FB-C579-4D4C-B1ED-294557E09C78} = {5E7078A9-8DE2-459D-854D-7D8625E92C43}
		{8DEF55E4-6BF6-4097-B7D4-67335800B5D3} = {D18BF2FB-C579-4D4C-B1ED-294557E09C78}
		{1801A5ED-1E3B-42AD-80B8-09845F072CAD} = {D18BF2FB-C579-4D4C-B1ED-294557E09C78}
		{8725786D-70FB-4624-BFD6-B7A062A3B6FC} = {D18BF2FB-C579-4D4C-B1ED-294557E09C78}
		{9D834B9A-BFE9-495C-A070-0099475CEF20} = {D18BF2FB-C579-4D4C-B1ED-294557E09C78}
		{3E7A5683-AFB7-448C-84D2-5504864E51E4} = {5E7078A9-8DE2-459D-854D-7D8625E92C43}
		{F7216236-DA31-422E-9422-7E27131FBBC8} = {3E7A5683-AFB7-448C-84D2-5504864E51E4}
		{BC7DD186-96EE-45BD-A6AD-724998A736FB} = {3E7A5683-AFB7-448C-84D2-5504864E51E4}
		{B3AA081A-A3E9-415B-A9DD-81AC03E7DFE0} = {3E7A5683-AFB7-448C-84D2-5504864E51E4}
		{8B1C6EF9-3383-4929-AD40-9B4E83AFB45A} = {3E7A5683-AFB7-448C-84D2-5504864E51E4}
		{21E047BF-9692-4A1C-906B-CB241F09A901} = {5E7078A9-8DE2-459D-854D-7D8625E92C43}
		{966411B4-A587-4957-B7A3-C50F42F0D184} = {21E047BF-9692-4A1C-906B-CB241F09A901}
		{8A351B9F-8EC0-4C85-B4BF-E005096160AC} = {21E047BF-9692-4A1C-906B-CB241F09A901}
		{CDE081E6-FC4B-4519-8660-E1A70733E093} = {21E047BF-9692-4A1C-906B-CB241F09A901}
		{C62D2068-CB53-4576-AA98-78E5F1F62E74} = {21E047BF-9692-4A1C-906B-CB241F09A901}
		{02EA681E-C7D8-13C7-8484-4AC65E1B71E8} = {5E7078A9-8DE2-459D-854D-7D8625E92C43}
		{C399E474-45DB-45F6-9EDA-AAB54A17C6BE} = {02EA681E-C7D8-13C7-8484-4AC65E1B71E8}
		{07FC7CDD-EF0D-454F-B427-522E616C9456} = {02EA681E-C7D8-13C7-8484-4AC65E1B71E8}
		{345A2871-9FBB-E8D5-4F3A-5D0A87DBFD81} = {02EA681E-C7D8-13C7-8484-4AC65E1B71E8}
		{A8F7ED8A-0070-EABF-9376-996AE611B123} = {02EA681E-C7D8-13C7-8484-4AC65E1B71E8}
		{041C5074-3166-49F3-8E15-BAB88912DEE6} = {02EA681E-C7D8-13C7-8484-4AC65E1B71E8}
		{A37D719E-F2D5-4A4D-A8BF-7B4EB899510D} = {02EA681E-C7D8-13C7-8484-4AC65E1B71E8}
		{99B47819-BF90-415A-977C-F5E63175FBB0} = {90E431D5-4565-4534-A356-BAB185D7E282}
		{C013CD64-6329-4FA6-9717-4D49BD6E6CA9} = {99B47819-BF90-415A-977C-F5E63175FBB0}
		{AFE6B087-39B8-41E9-BBFF-7AA76D886C09} = {99B47819-BF90-415A-977C-F5E63175FBB0}
		{DAAAA814-3DFA-4976-89EB-E14898844C87} = {99B47819-BF90-415A-977C-F5E63175FBB0}
		{38A86C2D-F4AC-4A02-A59A-3CE07151F6E4} = {99B47819-BF90-415A-977C-F5E63175FBB0}
		{09393233-701D-491B-B86D-6D88C41F0169} = {99B47819-BF90-415A-977C-F5E63175FBB0}
		{086A4F17-4058-4B12-90CD-1651CF155E9B} = {59DE02A4-17D3-42F9-A1D8-823589A563D0}
		{1F3E99D2-3E1E-A8E3-7F4C-2FF04E7C6E5F} = {086A4F17-4058-4B12-90CD-1651CF155E9B}
		{397494E7-C420-4800-ADE8-B14E0B9239ED} = {5E7078A9-8DE2-459D-854D-7D8625E92C43}
		{2184E1DA-AADD-877F-28FC-E2CF5AA3BB47} = {397494E7-C420-4800-ADE8-B14E0B9239ED}
		{39D273CD-B4E9-B54C-7193-F7B599D9CC4F} = {397494E7-C420-4800-ADE8-B14E0B9239ED}
		{4E113C78-505E-9560-8460-2047D52E2534} = {397494E7-C420-4800-ADE8-B14E0B9239ED}
		{D5DBB2AA-170B-03E5-89D0-1CFBE0FA6FC6} = {397494E7-C420-4800-ADE8-B14E0B9239ED}
	EndGlobalSection
	GlobalSection(ExtensibilityGlobals) = postSolution
		SolutionGuid = {C3F5014D-C4B6-471E-9F07-3E7AE3B37304}
	EndGlobalSection
EndGlobal
